
Microsoft Visual Studio Solution File, Format Version 12.00
# Visual Studio 14
VisualStudioVersion = 14.0.25420.1
MinimumVisualStudioVersion = 10.0.40219.1
Project("{FAE04EC0-301F-11D3-BF4B-00C04F79EFBC}") = "setup", "ui\setup\setup.csproj", "{7B853423-0507-472A-9C8A-7000798C1FC7}"
EndProject
Project("{FAE04EC0-301F-11D3-BF4B-00C04F79EFBC}") = "xmlpipeui", "ui\xmlpipeui\xmlpipeui.csproj", "{FA5D02CB-C149-4D31-AAAF-86A8D8FFA980}"
EndProject
Project("{2150E333-8FDC-42A3-9474-1A3956D46DE8}") = "xmledit", "xmledit", "{446D904B-738A-4337-A4A2-E8503CED1383}"
EndProject
Project("{2150E333-8FDC-42A3-9474-1A3956D46DE8}") = "xmlpipe", "xmlpipe", "{47B468C5-94CC-4168-9401-A6C2F5FCBB9A}"
EndProject
Project("{8BC9CEB8-8B4A-11D0-8D11-00A0C91BC942}") = "dllservice", "ui\xmledit\SSIReader\dllservice.v14.vcxproj", "{CA56896B-5B03-4977-98BA-B85F03F9D009}"
EndProject
Project("{FAE04EC0-301F-11D3-BF4B-00C04F79EFBC}") = "xmledit.v14", "ui\xmledit\SSIXmlEditor\xmledit.v14.csproj", "{F3634A84-7236-46B4-89C7-30C6BD89D863}"
EndProject
Project("{2150E333-8FDC-42A3-9474-1A3956D46DE8}") = "nova", "nova", "{A141D9BE-2804-49FA-8246-DFF38E221759}"
EndProject
Project("{FAE04EC0-301F-11D3-BF4B-00C04F79EFBC}") = "nova", "ui\nova\nova.csproj", "{81C49A93-25B8-47ED-BD84-AD5F9A0C0D79}"
EndProject
Global
	GlobalSection(SolutionConfigurationPlatforms) = preSolution
		Debug|Any CPU = Debug|Any CPU
		Debug|Win32 = Debug|Win32
		Debug|x64 = Debug|x64
		Debug|x86 = Debug|x86
		Release|Any CPU = Release|Any CPU
		Release|Win32 = Release|Win32
		Release|x64 = Release|x64
		Release|x86 = Release|x86
	EndGlobalSection
	GlobalSection(ProjectConfigurationPlatforms) = postSolution
		{7B853423-0507-472A-9C8A-7000798C1FC7}.Debug|Any CPU.ActiveCfg = Debug|Any CPU
		{7B853423-0507-472A-9C8A-7000798C1FC7}.Debug|Any CPU.Build.0 = Debug|Any CPU
		{7B853423-0507-472A-9C8A-7000798C1FC7}.Debug|Win32.ActiveCfg = Debug|x86
		{7B853423-0507-472A-9C8A-7000798C1FC7}.Debug|Win32.Build.0 = Debug|x86
		{7B853423-0507-472A-9C8A-7000798C1FC7}.Debug|x64.ActiveCfg = Debug|x64
		{7B853423-0507-472A-9C8A-7000798C1FC7}.Debug|x64.Build.0 = Debug|x64
		{7B853423-0507-472A-9C8A-7000798C1FC7}.Debug|x86.ActiveCfg = Debug|x86
		{7B853423-0507-472A-9C8A-7000798C1FC7}.Debug|x86.Build.0 = Debug|x86
		{7B853423-0507-472A-9C8A-7000798C1FC7}.Release|Any CPU.ActiveCfg = Release|Any CPU
		{7B853423-0507-472A-9C8A-7000798C1FC7}.Release|Any CPU.Build.0 = Release|Any CPU
		{7B853423-0507-472A-9C8A-7000798C1FC7}.Release|Win32.ActiveCfg = Release|x86
		{7B853423-0507-472A-9C8A-7000798C1FC7}.Release|Win32.Build.0 = Release|x86
		{7B853423-0507-472A-9C8A-7000798C1FC7}.Release|x64.ActiveCfg = Release|x64
		{7B853423-0507-472A-9C8A-7000798C1FC7}.Release|x64.Build.0 = Release|x64
		{7B853423-0507-472A-9C8A-7000798C1FC7}.Release|x86.ActiveCfg = Release|x86
		{7B853423-0507-472A-9C8A-7000798C1FC7}.Release|x86.Build.0 = Release|x86
		{FA5D02CB-C149-4D31-AAAF-86A8D8FFA980}.Debug|Any CPU.ActiveCfg = Debug|x86
		{FA5D02CB-C149-4D31-AAAF-86A8D8FFA980}.Debug|Win32.ActiveCfg = Debug|x86
		{FA5D02CB-C149-4D31-AAAF-86A8D8FFA980}.Debug|Win32.Build.0 = Debug|x86
		{FA5D02CB-C149-4D31-AAAF-86A8D8FFA980}.Debug|x64.ActiveCfg = Debug|x64
		{FA5D02CB-C149-4D31-AAAF-86A8D8FFA980}.Debug|x64.Build.0 = Debug|x64
		{FA5D02CB-C149-4D31-AAAF-86A8D8FFA980}.Debug|x86.ActiveCfg = Debug|x86
		{FA5D02CB-C149-4D31-AAAF-86A8D8FFA980}.Debug|x86.Build.0 = Debug|x86
		{FA5D02CB-C149-4D31-AAAF-86A8D8FFA980}.Release|Any CPU.ActiveCfg = Release|x86
		{FA5D02CB-C149-4D31-AAAF-86A8D8FFA980}.Release|Win32.ActiveCfg = Release|x86
		{FA5D02CB-C149-4D31-AAAF-86A8D8FFA980}.Release|Win32.Build.0 = Release|x86
		{FA5D02CB-C149-4D31-AAAF-86A8D8FFA980}.Release|x64.ActiveCfg = Release|x64
		{FA5D02CB-C149-4D31-AAAF-86A8D8FFA980}.Release|x64.Build.0 = Release|x64
		{FA5D02CB-C149-4D31-AAAF-86A8D8FFA980}.Release|x86.ActiveCfg = Release|x86
		{FA5D02CB-C149-4D31-AAAF-86A8D8FFA980}.Release|x86.Build.0 = Release|x86
		{CA56896B-5B03-4977-98BA-B85F03F9D009}.Debug|Any CPU.ActiveCfg = Debug|Win32
		{CA56896B-5B03-4977-98BA-B85F03F9D009}.Debug|Win32.ActiveCfg = Debug|Win32
		{CA56896B-5B03-4977-98BA-B85F03F9D009}.Debug|Win32.Build.0 = Debug|Win32
		{CA56896B-5B03-4977-98BA-B85F03F9D009}.Debug|x64.ActiveCfg = Debug|x64
		{CA56896B-5B03-4977-98BA-B85F03F9D009}.Debug|x64.Build.0 = Debug|x64
		{CA56896B-5B03-4977-98BA-B85F03F9D009}.Debug|x86.ActiveCfg = Debug|Win32
		{CA56896B-5B03-4977-98BA-B85F03F9D009}.Debug|x86.Build.0 = Debug|Win32
		{CA56896B-5B03-4977-98BA-B85F03F9D009}.Release|Any CPU.ActiveCfg = Release|Win32
		{CA56896B-5B03-4977-98BA-B85F03F9D009}.Release|Win32.ActiveCfg = Release|Win32
		{CA56896B-5B03-4977-98BA-B85F03F9D009}.Release|Win32.Build.0 = Release|Win32
		{CA56896B-5B03-4977-98BA-B85F03F9D009}.Release|x64.ActiveCfg = Release|x64
		{CA56896B-5B03-4977-98BA-B85F03F9D009}.Release|x64.Build.0 = Release|x64
		{CA56896B-5B03-4977-98BA-B85F03F9D009}.Release|x86.ActiveCfg = Release|Win32
		{CA56896B-5B03-4977-98BA-B85F03F9D009}.Release|x86.Build.0 = Release|Win32
		{F3634A84-7236-46B4-89C7-30C6BD89D863}.Debug|Any CPU.ActiveCfg = Debug|Any CPU
		{F3634A84-7236-46B4-89C7-30C6BD89D863}.Debug|Any CPU.Build.0 = Debug|Any CPU
		{F3634A84-7236-46B4-89C7-30C6BD89D863}.Debug|Win32.ActiveCfg = Debug|x86
		{F3634A84-7236-46B4-89C7-30C6BD89D863}.Debug|Win32.Build.0 = Debug|x86
		{F3634A84-7236-46B4-89C7-30C6BD89D863}.Debug|x64.ActiveCfg = Debug|x64
		{F3634A84-7236-46B4-89C7-30C6BD89D863}.Debug|x64.Build.0 = Debug|x64
		{F3634A84-7236-46B4-89C7-30C6BD89D863}.Debug|x86.ActiveCfg = Debug|x86
		{F3634A84-7236-46B4-89C7-30C6BD89D863}.Debug|x86.Build.0 = Debug|x86
		{F3634A84-7236-46B4-89C7-30C6BD89D863}.Release|Any CPU.ActiveCfg = Release|Any CPU
		{F3634A84-7236-46B4-89C7-30C6BD89D863}.Release|Any CPU.Build.0 = Release|Any CPU
		{F3634A84-7236-46B4-89C7-30C6BD89D863}.Release|Win32.ActiveCfg = Release|x86
		{F3634A84-7236-46B4-89C7-30C6BD89D863}.Release|Win32.Build.0 = Release|x86
		{F3634A84-7236-46B4-89C7-30C6BD89D863}.Release|x64.ActiveCfg = Release|x64
		{F3634A84-7236-46B4-89C7-30C6BD89D863}.Release|x64.Build.0 = Release|x64
		{F3634A84-7236-46B4-89C7-30C6BD89D863}.Release|x86.ActiveCfg = Release|x86
		{F3634A84-7236-46B4-89C7-30C6BD89D863}.Release|x86.Build.0 = Release|x86
		{81C49A93-25B8-47ED-BD84-AD5F9A0C0D79}.Debug|Any CPU.ActiveCfg = Debug|x64
		{81C49A93-25B8-47ED-BD84-AD5F9A0C0D79}.Debug|Win32.ActiveCfg = Debug|x64
		{81C49A93-25B8-47ED-BD84-AD5F9A0C0D79}.Debug|x64.ActiveCfg = Debug|x64
		{81C49A93-25B8-47ED-BD84-AD5F9A0C0D79}.Debug|x64.Build.0 = Debug|x64
		{81C49A93-25B8-47ED-BD84-AD5F9A0C0D79}.Debug|x86.ActiveCfg = Debug|x64
		{81C49A93-25B8-47ED-BD84-AD5F9A0C0D79}.Release|Any CPU.ActiveCfg = Release|x64
		{81C49A93-25B8-47ED-BD84-AD5F9A0C0D79}.Release|Win32.ActiveCfg = Release|x64
		{81C49A93-25B8-47ED-BD84-AD5F9A0C0D79}.Release|x64.ActiveCfg = Release|x64
		{81C49A93-25B8-47ED-BD84-AD5F9A0C0D79}.Release|x64.Build.0 = Release|x64
		{81C49A93-25B8-47ED-BD84-AD5F9A0C0D79}.Release|x86.ActiveCfg = Release|x64
	EndGlobalSection
	GlobalSection(SolutionProperties) = preSolution
		HideSolutionNode = FALSE
	EndGlobalSection
	GlobalSection(NestedProjects) = preSolution
		{FA5D02CB-C149-4D31-AAAF-86A8D8FFA980} = {47B468C5-94CC-4168-9401-A6C2F5FCBB9A}
		{CA56896B-5B03-4977-98BA-B85F03F9D009} = {446D904B-738A-4337-A4A2-E8503CED1383}
		{F3634A84-7236-46B4-89C7-30C6BD89D863} = {446D904B-738A-4337-A4A2-E8503CED1383}
		{81C49A93-25B8-47ED-BD84-AD5F9A0C0D79} = {A141D9BE-2804-49FA-8246-DFF38E221759}
	EndGlobalSection
EndGlobal
