<?xml version="1.0" encoding="utf-8"?>
<Project ToolsVersion="4.0" xmlns="http://schemas.microsoft.com/developer/msbuild/2003">
  <ItemGroup>
    <Filter Include="Source Files">
      <UniqueIdentifier>{4FC737F1-C7A5-4376-A066-2A32D752A2FF}</UniqueIdentifier>
      <Extensions>cpp;c;cc;cxx;def;odl;idl;hpj;bat;asm;asmx</Extensions>
    </Filter>
    <Filter Include="Header Files">
      <UniqueIdentifier>{93995380-89BD-4b04-88EB-625FBE52EBFB}</UniqueIdentifier>
      <Extensions>h;hpp;hxx;hm;inl;inc;xsd</Extensions>
    </Filter>
    <Filter Include="Resource Files">
      <UniqueIdentifier>{67DA6AB6-F800-4c08-8B7A-83BB121AAD01}</UniqueIdentifier>
      <Extensions>rc;ico;cur;bmp;dlg;rc2;rct;bin;rgs;gif;jpg;jpeg;jpe;resx;tiff;tif;png;wav</Extensions>
    </Filter>
  </ItemGroup>
  <ItemGroup>
    <ClCompile Include="Main.cpp">
      <Filter>Source Files</Filter>
    </ClCompile>
    <ClCompile Include="MyConsumer.cpp">
      <Filter>Source Files</Filter>
    </ClCompile>
    <ClCompile Include="MyEventListener.cpp">
      <Filter>Source Files</Filter>
    </ClCompile>
    <ClCompile Include="MyEventSender.cpp">
      <Filter>Source Files</Filter>
    </ClCompile>
    <ClCompile Include="MyFeature.cpp">
      <Filter>Source Files</Filter>
    </ClCompile>
    <ClCompile Include="MyFeature2.cpp">
      <Filter>Source Files</Filter>
    </ClCompile>
    <ClCompile Include="MyFilter.cpp">
      <Filter>Source Files</Filter>
    </ClCompile>
    <ClCompile Include="MyFilter2.cpp">
      <Filter>Source Files</Filter>
    </ClCompile>
    <ClCompile Include="MySensor.cpp">
      <Filter>Source Files</Filter>
    </ClCompile>
    <ClCompile Include="MyTransformer.cpp">
      <Filter>Source Files</Filter>
    </ClCompile>
    <ClCompile Include="MyVideoConsumer.cpp">
      <Filter>Source Files</Filter>
    </ClCompile>
    <ClCompile Include="MyVideoFeature.cpp">
      <Filter>Source Files</Filter>
    </ClCompile>
    <ClCompile Include="MyVideoFilter.cpp">
      <Filter>Source Files</Filter>
    </ClCompile>
  </ItemGroup>
  <ItemGroup>
    <ClInclude Include="MyConsumer.h">
      <Filter>Header Files</Filter>
    </ClInclude>
    <ClInclude Include="MyEventListener.h">
      <Filter>Header Files</Filter>
    </ClInclude>
    <ClInclude Include="MyEventSender.h">
      <Filter>Header Files</Filter>
    </ClInclude>
    <ClInclude Include="MyFeature.h">
      <Filter>Header Files</Filter>
    </ClInclude>
    <ClInclude Include="MyFeature2.h">
      <Filter>Header Files</Filter>
    </ClInclude>
    <ClInclude Include="MyFilter.h">
      <Filter>Header Files</Filter>
    </ClInclude>
    <ClInclude Include="MyFilter2.h">
      <Filter>Header Files</Filter>
    </ClInclude>
    <ClInclude Include="MySensor.h">
      <Filter>Header Files</Filter>
    </ClInclude>
    <ClInclude Include="MyTransformer.h">
      <Filter>Header Files</Filter>
    </ClInclude>
    <ClInclude Include="MyVideoConsumer.h">
      <Filter>Header Files</Filter>
    </ClInclude>
    <ClInclude Include="MyVideoFeature.h">
      <Filter>Header Files</Filter>
    </ClInclude>
    <ClInclude Include="MyVideoFilter.h">
      <Filter>Header Files</Filter>
    </ClInclude>
  </ItemGroup>
</Project>